// !$*UTF8*$!
{
	archiveVersion = 1;
	classes = {
	};
	objectVersion = 77;
	objects = {

/* Begin PBXContainerItemProxy section */
		2CFD8BC12DB3F262004F4906 /* PBXContainerItemProxy */ = {
			isa = PBXContainerItemProxy;
			containerPortal = 2CFD8BA62DB3F261004F4906 /* Project object */;
			proxyType = 1;
			remoteGlobalIDString = 2CFD8BAD2DB3F261004F4906;
			remoteInfo = DownBeat;
		};
		2CFD8BCB2DB3F262004F4906 /* PBXContainerItemProxy */ = {
			isa = PBXContainerItemProxy;
			containerPortal = 2CFD8BA62DB3F261004F4906 /* Project object */;
			proxyType = 1;
			remoteGlobalIDString = 2CFD8BAD2DB3F261004F4906;
			remoteInfo = DownBeat;
		};
/* End PBXContainerItemProxy section */

/* Begin PBXFileReference section */
		2CFD8BAE2DB3F261004F4906 /* DownBeat.app */ = {isa = PBXFileReference; explicitFileType = wrapper.application; includeInIndex = 0; path = DownBeat.app; sourceTree = BUILT_PRODUCTS_DIR; };
		2CFD8BC02DB3F262004F4906 /* DownBeatTests.xctest */ = {isa = PBXFileReference; explicitFileType = wrapper.cfbundle; includeInIndex = 0; path = DownBeatTests.xctest; sourceTree = BUILT_PRODUCTS_DIR; };
		2CFD8BCA2DB3F262004F4906 /* DownBeatUITests.xctest */ = {isa = PBXFileReference; explicitFileType = wrapper.cfbundle; includeInIndex = 0; path = DownBeatUITests.xctest; sourceTree = BUILT_PRODUCTS_DIR; };
/* End PBXFileReference section */

/* Begin PBXFileSystemSynchronizedRootGroup section */
		2CFD8BB02DB3F261004F4906 /* DownBeat */ = {
			isa = PBXFileSystemSynchronizedRootGroup;
			path = DownBeat;
			sourceTree = "<group>";
		};
		2CFD8BC32DB3F262004F4906 /* DownBeatTests */ = {
			isa = PBXFileSystemSynchronizedRootGroup;
			path = DownBeatTests;
			sourceTree = "<group>";
		};
		2CFD8BCD2DB3F262004F4906 /* DownBeatUITests */ = {
			isa = PBXFileSystemSynchronizedRootGroup;
			path = DownBeatUITests;
			sourceTree = "<group>";
		};
/* End PBXFileSystemSynchronizedRootGroup section */

/* Begin PBXFrameworksBuildPhase section */
		2CFD8BAB2DB3F261004F4906 /* Frameworks */ = {
			isa = PBXFrameworksBuildPhase;
			buildActionMask = 2147483647;
			files = (
			);
			runOnlyForDeploymentPostprocessing = 0;
		};
		2CFD8BBD2DB3F262004F4906 /* Frameworks */ = {
			isa = PBXFrameworksBuildPhase;
			buildActionMask = 2147483647;
			files = (
			);
			runOnlyForDeploymentPostprocessing = 0;
		};
		2CFD8BC72DB3F262004F4906 /* Frameworks */ = {
			isa = PBXFrameworksBuildPhase;
			buildActionMask = 2147483647;
			files = (
			);
			runOnlyForDeploymentPostprocessing = 0;
		};
/* End PBXFrameworksBuildPhase section */

/* Begin PBXGroup section */
		2CFD8BA52DB3F261004F4906 = {
			isa = PBXGroup;
			children = (
				2CFD8BB02DB3F261004F4906 /* DownBeat */,
				2CFD8BC32DB3F262004F4906 /* DownBeatTests */,
				2CFD8BCD2DB3F262004F4906 /* DownBeatUITests */,
				2CFD8BAF2DB3F261004F4906 /* Products */,
			);
			sourceTree = "<group>";
		};
		2CFD8BAF2DB3F261004F4906 /* Products */ = {
			isa = PBXGroup;
			children = (
				2CFD8BAE2DB3F261004F4906 /* DownBeat.app */,
				2CFD8BC02DB3F262004F4906 /* DownBeatTests.xctest */,
				2CFD8BCA2DB3F262004F4906 /* DownBeatUITests.xctest */,
			);
			name = Products;
			sourceTree = "<group>";
		};
/* End PBXGroup section */

/* Begin PBXNativeTarget section */
		2CFD8BAD2DB3F261004F4906 /* DownBeat */ = {
			isa = PBXNativeTarget;
			buildConfigurationList = 2CFD8BD42DB3F262004F4906 /* Build configuration list for PBXNativeTarget "DownBeat" */;
			buildPhases = (
				2CFD8BAA2DB3F261004F4906 /* Sources */,
				2CFD8BAB2DB3F261004F4906 /* Frameworks */,
				2CFD8BAC2DB3F261004F4906 /* Resources */,
			);
			buildRules = (
			);
			dependencies = (
			);
			fileSystemSynchronizedGroups = (
				2CFD8BB02DB3F261004F4906 /* DownBeat */,
			);
			name = DownBeat;
			packageProductDependencies = (
			);
			productName = DownBeat;
			productReference = 2CFD8BAE2DB3F261004F4906 /* DownBeat.app */;
			productType = "com.apple.product-type.application";
		};
		2CFD8BBF2DB3F262004F4906 /* DownBeatTests */ = {
			isa = PBXNativeTarget;
			buildConfigurationList = 2CFD8BD72DB3F262004F4906 /* Build configuration list for PBXNativeTarget "DownBeatTests" */;
			buildPhases = (
				2CFD8BBC2DB3F262004F4906 /* Sources */,
				2CFD8BBD2DB3F262004F4906 /* Frameworks */,
				2CFD8BBE2DB3F262004F4906 /* Resources */,
			);
			buildRules = (
			);
			dependencies = (
				2CFD8BC22DB3F262004F4906 /* PBXTargetDependency */,
			);
			fileSystemSynchronizedGroups = (
				2CFD8BC32DB3F262004F4906 /* DownBeatTests */,
			);
			name = DownBeatTests;
			packageProductDependencies = (
			);
			productName = DownBeatTests;
			productReference = 2CFD8BC02DB3F262004F4906 /* DownBeatTests.xctest */;
			productType = "com.apple.product-type.bundle.unit-test";
		};
		2CFD8BC92DB3F262004F4906 /* DownBeatUITests */ = {
			isa = PBXNativeTarget;
			buildConfigurationList = 2CFD8BDA2DB3F262004F4906 /* Build configuration list for PBXNativeTarget "DownBeatUITests" */;
			buildPhases = (
				2CFD8BC62DB3F262004F4906 /* Sources */,
				2CFD8BC72DB3F262004F4906 /* Frameworks */,
				2CFD8BC82DB3F262004F4906 /* Resources */,
			);
			buildRules = (
			);
			dependencies = (
				2CFD8BCC2DB3F262004F4906 /* PBXTargetDependency */,
			);
			fileSystemSynchronizedGroups = (
				2CFD8BCD2DB3F262004F4906 /* DownBeatUITests */,
			);
			name = DownBeatUITests;
			packageProductDependencies = (
			);
			productName = DownBeatUITests;
			productReference = 2CFD8BCA2DB3F262004F4906 /* DownBeatUITests.xctest */;
			productType = "com.apple.product-type.bundle.ui-testing";
		};
/* End PBXNativeTarget section */

/* Begin PBXProject section */
		2CFD8BA62DB3F261004F4906 /* Project object */ = {
			isa = PBXProject;
			attributes = {
				BuildIndependentTargetsInParallel = 1;
				LastSwiftUpdateCheck = 1620;
				LastUpgradeCheck = 1620;
				TargetAttributes = {
					2CFD8BAD2DB3F261004F4906 = {
						CreatedOnToolsVersion = 16.2;
					};
					2CFD8BBF2DB3F262004F4906 = {
						CreatedOnToolsVersion = 16.2;
						TestTargetID = 2CFD8BAD2DB3F261004F4906;
					};
					2CFD8BC92DB3F262004F4906 = {
						CreatedOnToolsVersion = 16.2;
						TestTargetID = 2CFD8BAD2DB3F261004F4906;
					};
				};
			};
			buildConfigurationList = 2CFD8BA92DB3F261004F4906 /* Build configuration list for PBXProject "DownBeat" */;
			developmentRegion = en;
			hasScannedForEncodings = 0;
			knownRegions = (
				en,
				Base,
			);
			mainGroup = 2CFD8BA52DB3F261004F4906;
			minimizedProjectReferenceProxies = 1;
			preferredProjectObjectVersion = 77;
			productRefGroup = 2CFD8BAF2DB3F261004F4906 /* Products */;
			projectDirPath = "";
			projectRoot = "";
			targets = (
				2CFD8BAD2DB3F261004F4906 /* DownBeat */,
				2CFD8BBF2DB3F262004F4906 /* DownBeatTests */,
				2CFD8BC92DB3F262004F4906 /* DownBeatUITests */,
			);
		};
/* End PBXProject section */

/* Begin PBXResourcesBuildPhase section */
		2CFD8BAC2DB3F261004F4906 /* Resources */ = {
			isa = PBXResourcesBuildPhase;
			buildActionMask = 2147483647;
			files = (
			);
			runOnlyForDeploymentPostprocessing = 0;
		};
		2CFD8BBE2DB3F262004F4906 /* Resources */ = {
			isa = PBXResourcesBuildPhase;
			buildActionMask = 2147483647;
			files = (
			);
			runOnlyForDeploymentPostprocessing = 0;
		};
		2CFD8BC82DB3F262004F4906 /* Resources */ = {
			isa = PBXResourcesBuildPhase;
			buildActionMask = 2147483647;
			files = (
			);
			runOnlyForDeploymentPostprocessing = 0;
		};
/* End PBXResourcesBuildPhase section */

/* Begin PBXSourcesBuildPhase section */
		2CFD8BAA2DB3F261004F4906 /* Sources */ = {
			isa = PBXSourcesBuildPhase;
			buildActionMask = 2147483647;
			files = (
			);
			runOnlyForDeploymentPostprocessing = 0;
		};
		2CFD8BBC2DB3F262004F4906 /* Sources */ = {
			isa = PBXSourcesBuildPhase;
			buildActionMask = 2147483647;
			files = (
			);
			runOnlyForDeploymentPostprocessing = 0;
		};
		2CFD8BC62DB3F262004F4906 /* Sources */ = {
			isa = PBXSourcesBuildPhase;
			buildActionMask = 2147483647;
			files = (
			);
			runOnlyForDeploymentPostprocessing = 0;
		};
/* End PBXSourcesBuildPhase section */

/* Begin PBXTargetDependency section */
		2CFD8BC22DB3F262004F4906 /* PBXTargetDependency */ = {
			isa = PBXTargetDependency;
			target = 2CFD8BAD2DB3F261004F4906 /* DownBeat */;
			targetProxy = 2CFD8BC12DB3F262004F4906 /* PBXContainerItemProxy */;
		};
		2CFD8BCC2DB3F262004F4906 /* PBXTargetDependency */ = {
			isa = PBXTargetDependency;
			target = 2CFD8BAD2DB3F261004F4906 /* DownBeat */;
			targetProxy = 2CFD8BCB2DB3F262004F4906 /* PBXContainerItemProxy */;
		};
/* End PBXTargetDependency section */

/* Begin XCBuildConfiguration section */
		2CFD8BD22DB3F262004F4906 /* Debug */ = {
			isa = XCBuildConfiguration;
			buildSettings = {
				ALWAYS_SEARCH_USER_PATHS = NO;
				ASSETCATALOG_COMPILER_GENERATE_SWIFT_ASSET_SYMBOL_EXTENSIONS = YES;
				CLANG_ANALYZER_NONNULL = YES;
				CLANG_ANALYZER_NUMBER_OBJECT_CONVERSION = YES_AGGRESSIVE;
				CLANG_CXX_LANGUAGE_STANDARD = "gnu++20";
				CLANG_ENABLE_MODULES = YES;
				CLANG_ENABLE_OBJC_ARC = YES;
				CLANG_ENABLE_OBJC_WEAK = YES;
				CLANG_WARN_BLOCK_CAPTURE_AUTORELEASING = YES;
				CLANG_WARN_BOOL_CONVERSION = YES;
				CLANG_WARN_COMMA = YES;
				CLANG_WARN_CONSTANT_CONVERSION = YES;
				CLANG_WARN_DEPRECATED_OBJC_IMPLEMENTATIONS = YES;
				CLANG_WARN_DIRECT_OBJC_ISA_USAGE = YES_ERROR;
				CLANG_WARN_DOCUMENTATION_COMMENTS = YES;
				CLANG_WARN_EMPTY_BODY = YES;
				CLANG_WARN_ENUM_CONVERSION = YES;
				CLANG_WARN_INFINITE_RECURSION = YES;
				CLANG_WARN_INT_CONVERSION = YES;
				CLANG_WARN_NON_LITERAL_NULL_CONVERSION = YES;
				CLANG_WARN_OBJC_IMPLICIT_RETAIN_SELF = YES;
				CLANG_WARN_OBJC_LITERAL_CONVERSION = YES;
				CLANG_WARN_OBJC_ROOT_CLASS = YES_ERROR;
				CLANG_WARN_QUOTED_INCLUDE_IN_FRAMEWORK_HEADER = YES;
				CLANG_WARN_RANGE_LOOP_ANALYSIS = YES;
				CLANG_WARN_STRICT_PROTOTYPES = YES;
				CLANG_WARN_SUSPICIOUS_MOVE = YES;
				CLANG_WARN_UNGUARDED_AVAILABILITY = YES_AGGRESSIVE;
				CLANG_WARN_UNREACHABLE_CODE = YES;
				CLANG_WARN__DUPLICATE_METHOD_MATCH = YES;
				COPY_PHASE_STRIP = NO;
				DEBUG_INFORMATION_FORMAT = dwarf;
				ENABLE_STRICT_OBJC_MSGSEND = YES;
				ENABLE_TESTABILITY = YES;
				ENABLE_USER_SCRIPT_SANDBOXING = YES;
				GCC_C_LANGUAGE_STANDARD = gnu17;
				GCC_DYNAMIC_NO_PIC = NO;
				GCC_NO_COMMON_BLOCKS = YES;
				GCC_OPTIMIZATION_LEVEL = 0;
				GCC_PREPROCESSOR_DEFINITIONS = (
					"DEBUG=1",
					"$(inherited)",
				);
				GCC_WARN_64_TO_32_BIT_CONVERSION = YES;
				GCC_WARN_ABOUT_RETURN_TYPE = YES_ERROR;
				GCC_WARN_UNDECLARED_SELECTOR = YES;
				GCC_WARN_UNINITIALIZED_AUTOS = YES_AGGRESSIVE;
				GCC_WARN_UNUSED_FUNCTION = YES;
				GCC_WARN_UNUSED_VARIABLE = YES;
				IPHONEOS_DEPLOYMENT_TARGET = 18.2;
				LOCALIZATION_PREFERS_STRING_CATALOGS = YES;
				MTL_ENABLE_DEBUG_INFO = INCLUDE_SOURCE;
				MTL_FAST_MATH = YES;
				ONLY_ACTIVE_ARCH = YES;
				SDKROOT = iphoneos;
				SWIFT_ACTIVE_COMPILATION_CONDITIONS = "DEBUG $(inherited)";
				SWIFT_OPTIMIZATION_LEVEL = "-Onone";
			};
			name = Debug;
		};
		2CFD8BD32DB3F262004F4906 /* Release */ = {
			isa = XCBuildConfiguration;
			buildSettings = {
				ALWAYS_SEARCH_USER_PATHS = NO;
				ASSETCATALOG_COMPILER_GENERATE_SWIFT_ASSET_SYMBOL_EXTENSIONS = YES;
				CLANG_ANALYZER_NONNULL = YES;
				CLANG_ANALYZER_NUMBER_OBJECT_CONVERSION = YES_AGGRESSIVE;
				CLANG_CXX_LANGUAGE_STANDARD = "gnu++20";
				CLANG_ENABLE_MODULES = YES;
				CLANG_ENABLE_OBJC_ARC = YES;
				CLANG_ENABLE_OBJC_WEAK = YES;
				CLANG_WARN_BLOCK_CAPTURE_AUTORELEASING = YES;
				CLANG_WARN_BOOL_CONVERSION = YES;
				CLANG_WARN_COMMA = YES;
				CLANG_WARN_CONSTANT_CONVERSION = YES;
				CLANG_WARN_DEPRECATED_OBJC_IMPLEMENTATIONS = YES;
				CLANG_WARN_DIRECT_OBJC_ISA_USAGE = YES_ERROR;
				CLANG_WARN_DOCUMENTATION_COMMENTS = YES;
				CLANG_WARN_EMPTY_BODY = YES;
				CLANG_WARN_ENUM_CONVERSION = YES;
				CLANG_WARN_INFINITE_RECURSION = YES;
				CLANG_WARN_INT_CONVERSION = YES;
				CLANG_WARN_NON_LITERAL_NULL_CONVERSION = YES;
				CLANG_WARN_OBJC_IMPLICIT_RETAIN_SELF = YES;
				CLANG_WARN_OBJC_LITERAL_CONVERSION = YES;
				CLANG_WARN_OBJC_ROOT_CLASS = YES_ERROR;
				CLANG_WARN_QUOTED_INCLUDE_IN_FRAMEWORK_HEADER = YES;
				CLANG_WARN_RANGE_LOOP_ANALYSIS = YES;
				CLANG_WARN_STRICT_PROTOTYPES = YES;
				CLANG_WARN_SUSPICIOUS_MOVE = YES;
				CLANG_WARN_UNGUARDED_AVAILABILITY = YES_AGGRESSIVE;
				CLANG_WARN_UNREACHABLE_CODE = YES;
				CLANG_WARN__DUPLICATE_METHOD_MATCH = YES;
				COPY_PHASE_STRIP = NO;
				DEBUG_INFORMATION_FORMAT = "dwarf-with-dsym";
				ENABLE_NS_ASSERTIONS = NO;
				ENABLE_STRICT_OBJC_MSGSEND = YES;
				ENABLE_USER_SCRIPT_SANDBOXING = YES;
				GCC_C_LANGUAGE_STANDARD = gnu17;
				GCC_NO_COMMON_BLOCKS = YES;
				GCC_WARN_64_TO_32_BIT_CONVERSION = YES;
				GCC_WARN_ABOUT_RETURN_TYPE = YES_ERROR;
				GCC_WARN_UNDECLARED_SELECTOR = YES;
				GCC_WARN_UNINITIALIZED_AUTOS = YES_AGGRESSIVE;
				GCC_WARN_UNUSED_FUNCTION = YES;
				GCC_WARN_UNUSED_VARIABLE = YES;
				IPHONEOS_DEPLOYMENT_TARGET = 18.2;
				LOCALIZATION_PREFERS_STRING_CATALOGS = YES;
				MTL_ENABLE_DEBUG_INFO = NO;
				MTL_FAST_MATH = YES;
				SDKROOT = iphoneos;
				SWIFT_COMPILATION_MODE = wholemodule;
				VALIDATE_PRODUCT = YES;
			};
			name = Release;
		};
		2CFD8BD52DB3F262004F4906 /* Debug */ = {
			isa = XCBuildConfiguration;
			buildSettings = {
				ASSETCATALOG_COMPILER_APPICON_NAME = AppIcon;
				ASSETCATALOG_COMPILER_GLOBAL_ACCENT_COLOR_NAME = AccentColor;
				CODE_SIGN_STYLE = Automatic;
				CURRENT_PROJECT_VERSION = 1;
				DEVELOPMENT_ASSET_PATHS = "\"DownBeat/Preview Content\"";
				DEVELOPMENT_TEAM = HNWW97M8Q9;
				ENABLE_PREVIEWS = YES;
				GENERATE_INFOPLIST_FILE = YES;
				INFOPLIST_KEY_UIApplicationSceneManifest_Generation = YES;
				INFOPLIST_KEY_UIApplicationSupportsIndirectInputEvents = YES;
				INFOPLIST_KEY_UILaunchScreen_Generation = YES;
				INFOPLIST_KEY_UISupportedInterfaceOrientations_iPad = "UIInterfaceOrientationPortrait UIInterfaceOrientationPortraitUpsideDown UIInterfaceOrientationLandscapeLeft UIInterfaceOrientationLandscapeRight";
				INFOPLIST_KEY_UISupportedInterfaceOrientations_iPhone = "UIInterfaceOrientationPortrait UIInterfaceOrientationLandscapeLeft UIInterfaceOrientationLandscapeRight";
				LD_RUNPATH_SEARCH_PATHS = (
					"$(inherited)",
					"@executable_path/Frameworks",
				);
				MARKETING_VERSION = 1.0;
				PRODUCT_BUNDLE_IDENTIFIER = co.stuffbychris.DownBeat;
				PRODUCT_NAME = "$(TARGET_NAME)";
				SWIFT_EMIT_LOC_STRINGS = YES;
				SWIFT_VERSION = 5.0;
				TARGETED_DEVICE_FAMILY = "1,2";
			};
			name = Debug;
		};
		2CFD8BD62DB3F262004F4906 /* Release */ = {
			isa = XCBuildConfiguration;
			buildSettings = {
				ASSETCATALOG_COMPILER_APPICON_NAME = AppIcon;
				ASSETCATALOG_COMPILER_GLOBAL_ACCENT_COLOR_NAME = AccentColor;
				CODE_SIGN_STYLE = Automatic;
				CURRENT_PROJECT_VERSION = 1;
				DEVELOPMENT_ASSET_PATHS = "\"DownBeat/Preview Content\"";
				DEVELOPMENT_TEAM = HNWW97M8Q9;
				ENABLE_PREVIEWS = YES;
				GENERATE_INFOPLIST_FILE = YES;
				INFOPLIST_KEY_UIApplicationSceneManifest_Generation = YES;
				INFOPLIST_KEY_UIApplicationSupportsIndirectInputEvents = YES;
				INFOPLIST_KEY_UILaunchScreen_Generation = YES;
				INFOPLIST_KEY_UISupportedInterfaceOrientations_iPad = "UIInterfaceOrientationPortrait UIInterfaceOrientationPortraitUpsideDown UIInterfaceOrientationLandscapeLeft UIInterfaceOrientationLandscapeRight";
				INFOPLIST_KEY_UISupportedInterfaceOrientations_iPhone = "UIInterfaceOrientationPortrait UIInterfaceOrientationLandscapeLeft UIInterfaceOrientationLandscapeRight";
				LD_RUNPATH_SEARCH_PATHS = (
					"$(inherited)",
					"@executable_path/Frameworks",
				);
				MARKETING_VERSION = 1.0;
				PRODUCT_BUNDLE_IDENTIFIER = co.stuffbychris.DownBeat;
				PRODUCT_NAME = "$(TARGET_NAME)";
				SWIFT_EMIT_LOC_STRINGS = YES;
				SWIFT_VERSION = 5.0;
				TARGETED_DEVICE_FAMILY = "1,2";
			};
			name = Release;
		};
		2CFD8BD82DB3F262004F4906 /* Debug */ = {
			isa = XCBuildConfiguration;
			buildSettings = {
				BUNDLE_LOADER = "$(TEST_HOST)";
				CODE_SIGN_STYLE = Automatic;
				CURRENT_PROJECT_VERSION = 1;
				GENERATE_INFOPLIST_FILE = YES;
				IPHONEOS_DEPLOYMENT_TARGET = 18.2;
				MARKETING_VERSION = 1.0;
				PRODUCT_BUNDLE_IDENTIFIER = co.stuffbychris.DownBeatTests;
				PRODUCT_NAME = "$(TARGET_NAME)";
				SWIFT_EMIT_LOC_STRINGS = NO;
				SWIFT_VERSION = 5.0;
				TARGETED_DEVICE_FAMILY = "1,2";
				TEST_HOST = "$(BUILT_PRODUCTS_DIR)/DownBeat.app/$(BUNDLE_EXECUTABLE_FOLDER_PATH)/DownBeat";
			};
			name = Debug;
		};
		2CFD8BD92DB3F262004F4906 /* Release */ = {
			isa = XCBuildConfiguration;
			buildSettings = {
				BUNDLE_LOADER = "$(TEST_HOST)";
				CODE_SIGN_STYLE = Automatic;
				CURRENT_PROJECT_VERSION = 1;
				GENERATE_INFOPLIST_FILE = YES;
				IPHONEOS_DEPLOYMENT_TARGET = 18.2;
				MARKETING_VERSION = 1.0;
				PRODUCT_BUNDLE_IDENTIFIER = co.stuffbychris.DownBeatTests;
				PRODUCT_NAME = "$(TARGET_NAME)";
				SWIFT_EMIT_LOC_STRINGS = NO;
				SWIFT_VERSION = 5.0;
				TARGETED_DEVICE_FAMILY = "1,2";
				TEST_HOST = "$(BUILT_PRODUCTS_DIR)/DownBeat.app/$(BUNDLE_EXECUTABLE_FOLDER_PATH)/DownBeat";
			};
			name = Release;
		};
		2CFD8BDB2DB3F262004F4906 /* Debug */ = {
			isa = XCBuildConfiguration;
			buildSettings = {
				CODE_SIGN_STYLE = Automatic;
				CURRENT_PROJECT_VERSION = 1;
				GENERATE_INFOPLIST_FILE = YES;
				MARKETING_VERSION = 1.0;
				PRODUCT_BUNDLE_IDENTIFIER = co.stuffbychris.DownBeatUITests;
				PRODUCT_NAME = "$(TARGET_NAME)";
				SWIFT_EMIT_LOC_STRINGS = NO;
				SWIFT_VERSION = 5.0;
				TARGETED_DEVICE_FAMILY = "1,2";
				TEST_TARGET_NAME = DownBeat;
			};
			name = Debug;
		};
		2CFD8BDC2DB3F262004F4906 /* Release */ = {
			isa = XCBuildConfiguration;
			buildSettings = {
				CODE_SIGN_STYLE = Automatic;
				CURRENT_PROJECT_VERSION = 1;
				GENERATE_INFOPLIST_FILE = YES;
				MARKETING_VERSION = 1.0;
				PRODUCT_BUNDLE_IDENTIFIER = co.stuffbychris.DownBeatUITests;
				PRODUCT_NAME = "$(TARGET_NAME)";
				SWIFT_EMIT_LOC_STRINGS = NO;
				SWIFT_VERSION = 5.0;
				TARGETED_DEVICE_FAMILY = "1,2";
				TEST_TARGET_NAME = DownBeat;
			};
			name = Release;
		};
/* End XCBuildConfiguration section */

/* Begin XCConfigurationList section */
		2CFD8BA92DB3F261004F4906 /* Build configuration list for PBXProject "DownBeat" */ = {
			isa = XCConfigurationList;
			buildConfigurations = (
				2CFD8BD22DB3F262004F4906 /* Debug */,
				2CFD8BD32DB3F262004F4906 /* Release */,
			);
			defaultConfigurationIsVisible = 0;
			defaultConfigurationName = Release;
		};
		2CFD8BD42DB3F262004F4906 /* Build configuration list for PBXNativeTarget "DownBeat" */ = {
			isa = XCConfigurationList;
			buildConfigurations = (
				2CFD8BD52DB3F262004F4906 /* Debug */,
				2CFD8BD62DB3F262004F4906 /* Release */,
			);
			defaultConfigurationIsVisible = 0;
			defaultConfigurationName = Release;
		};
		2CFD8BD72DB3F262004F4906 /* Build configuration list for PBXNativeTarget "DownBeatTests" */ = {
			isa = XCConfigurationList;
			buildConfigurations = (
				2CFD8BD82DB3F262004F4906 /* Debug */,
				2CFD8BD92DB3F262004F4906 /* Release */,
			);
			defaultConfigurationIsVisible = 0;
			defaultConfigurationName = Release;
		};
		2CFD8BDA2DB3F262004F4906 /* Build configuration list for PBXNativeTarget "DownBeatUITests" */ = {
			isa = XCConfigurationList;
			buildConfigurations = (
				2CFD8BDB2DB3F262004F4906 /* Debug */,
				2CFD8BDC2DB3F262004F4906 /* Release */,
			);
			defaultConfigurationIsVisible = 0;
			defaultConfigurationName = Release;
		};
/* End XCConfigurationList section */
	};
	rootObject = 2CFD8BA62DB3F261004F4906 /* Project object */;
}
